
Microsoft Visual Studio Solution File, Format Version 12.00
# Visual Studio Version 17
VisualStudioVersion = 17.0.31903.59
MinimumVisualStudioVersion = 10.0.40219.1
Project("{2150E333-8FDC-42A3-9474-1A3956D46DE8}") = "Bootstrapper", "Bootstrapper", "{12E5602B-643B-4555-9062-B4BE94B36D77}"
EndProject
Project("{2150E333-8FDC-42A3-9474-1A3956D46DE8}") = "src", "src", "{5DAEF2FA-8E48-4886-8953-9275684DCA64}"
EndProject
Project("{FAE04EC0-301F-11D3-BF4B-00C04F79EFBC}") = "Hyre.Bootstrapper", "src\Bootstrapper\Hyre.Bootstrapper\Hyre.Bootstrapper.csproj", "{15096A03-82EE-41F5-8A66-5C2CE5E05231}"
EndProject
Project("{2150E333-8FDC-42A3-9474-1A3956D46DE8}") = "Modules", "Modules", "{8B80B1F0-E969-4D05-8369-2CA4D2F469FF}"
EndProject
Project("{2150E333-8FDC-42A3-9474-1A3956D46DE8}") = "Shared", "Shared", "{AD2B0628-AC62-4425-8224-11DEA55E10B0}"
EndProject
Project("{FAE04EC0-301F-11D3-BF4B-00C04F79EFBC}") = "Hyre.Shared.Abstractions", "src\Shared\Hyre.Shared.Abstractions\Hyre.Shared.Abstractions.csproj", "{E0209B26-00DF-4595-B1E9-F5442DBA0EA3}"
EndProject
Project("{FAE04EC0-301F-11D3-BF4B-00C04F79EFBC}") = "Hyre.Shared.Infrastructure", "src\Shared\Hyre.Shared.Infrastructure\Hyre.Shared.Infrastructure.csproj", "{E490DE32-CBC5-4F85-AD80-28393924BCBC}"
EndProject
Project("{2150E333-8FDC-42A3-9474-1A3956D46DE8}") = "Jobs", "Jobs", "{EE1490D2-3747-4749-84AD-92935D103705}"
EndProject
Project("{FAE04EC0-301F-11D3-BF4B-00C04F79EFBC}") = "Hyre.Modules.Jobs.Core", "src\Modules\Jobs\Hyre.Modules.Jobs.Core\Hyre.Modules.Jobs.Core.csproj", "{5041C60A-BF91-4E1F-A970-9828D926D886}"
EndProject
Project("{FAE04EC0-301F-11D3-BF4B-00C04F79EFBC}") = "Hyre.Modules.Jobs.Infrastructure", "src\Modules\Jobs\Hyre.Modules.Jobs.Infrastructure\Hyre.Modules.Jobs.Infrastructure.csproj", "{8250F940-CE71-4975-AB99-665A8E2536EC}"
EndProject
Project("{FAE04EC0-301F-11D3-BF4B-00C04F79EFBC}") = "Hyre.Modules.Jobs.Application", "src\Modules\Jobs\Hyre.Modules.Jobs.Application\Hyre.Modules.Jobs.Application.csproj", "{A30A32E6-2955-4421-AAFD-EAAD6915D6CB}"
EndProject
Project("{FAE04EC0-301F-11D3-BF4B-00C04F79EFBC}") = "Hyre.Modules.Jobs.API", "src\Modules\Jobs\Hyre.Modules.Jobs.API\Hyre.Modules.Jobs.API.csproj", "{8D5F8C32-119A-4620-BE1C-E4043B794707}"
EndProject
Project("{2150E333-8FDC-42A3-9474-1A3956D46DE8}") = "src", "src", "{66A49CD5-BC57-48BC-9A39-8C06130B448A}"
EndProject
Project("{2150E333-8FDC-42A3-9474-1A3956D46DE8}") = "test", "test", "{777897E4-C0C6-43A5-A684-DAA1B143074C}"
EndProject
Project("{FAE04EC0-301F-11D3-BF4B-00C04F79EFBC}") = "Hyre.Modules.Jobs.Tests.Unit", "test\Modules\Jobs\Hyre.Modules.Jobs.Tests.Unit\Hyre.Modules.Jobs.Tests.Unit.csproj", "{9A8A2F64-2B73-4702-9FF3-28ED859BA306}"
EndProject
Project("{FAE04EC0-301F-11D3-BF4B-00C04F79EFBC}") = "Hyre.Modules.Jobs.Tests.Integration", "test\Modules\Jobs\Hyre.Modules.Jobs.Tests.Integration\Hyre.Modules.Jobs.Tests.Integration.csproj", "{9EBCE8F9-D220-4632-A7CA-D90020ED8537}"
EndProject
Global
	GlobalSection(SolutionConfigurationPlatforms) = preSolution
		Debug|Any CPU = Debug|Any CPU
		Release|Any CPU = Release|Any CPU
	EndGlobalSection
	GlobalSection(SolutionProperties) = preSolution
		HideSolutionNode = FALSE
	EndGlobalSection
	GlobalSection(NestedProjects) = preSolution
		{5DAEF2FA-8E48-4886-8953-9275684DCA64} = {12E5602B-643B-4555-9062-B4BE94B36D77}
		{15096A03-82EE-41F5-8A66-5C2CE5E05231} = {5DAEF2FA-8E48-4886-8953-9275684DCA64}
		{E0209B26-00DF-4595-B1E9-F5442DBA0EA3} = {AD2B0628-AC62-4425-8224-11DEA55E10B0}
		{E490DE32-CBC5-4F85-AD80-28393924BCBC} = {AD2B0628-AC62-4425-8224-11DEA55E10B0}
		{EE1490D2-3747-4749-84AD-92935D103705} = {8B80B1F0-E969-4D05-8369-2CA4D2F469FF}
		{66A49CD5-BC57-48BC-9A39-8C06130B448A} = {EE1490D2-3747-4749-84AD-92935D103705}
		{777897E4-C0C6-43A5-A684-DAA1B143074C} = {EE1490D2-3747-4749-84AD-92935D103705}
		{8D5F8C32-119A-4620-BE1C-E4043B794707} = {66A49CD5-BC57-48BC-9A39-8C06130B448A}
		{A30A32E6-2955-4421-AAFD-EAAD6915D6CB} = {66A49CD5-BC57-48BC-9A39-8C06130B448A}
		{5041C60A-BF91-4E1F-A970-9828D926D886} = {66A49CD5-BC57-48BC-9A39-8C06130B448A}
		{8250F940-CE71-4975-AB99-665A8E2536EC} = {66A49CD5-BC57-48BC-9A39-8C06130B448A}
		{9A8A2F64-2B73-4702-9FF3-28ED859BA306} = {777897E4-C0C6-43A5-A684-DAA1B143074C}
		{9EBCE8F9-D220-4632-A7CA-D90020ED8537} = {777897E4-C0C6-43A5-A684-DAA1B143074C}
	EndGlobalSection
	GlobalSection(ProjectConfigurationPlatforms) = postSolution
		{15096A03-82EE-41F5-8A66-5C2CE5E05231}.Debug|Any CPU.ActiveCfg = Debug|Any CPU
		{15096A03-82EE-41F5-8A66-5C2CE5E05231}.Debug|Any CPU.Build.0 = Debug|Any CPU
		{15096A03-82EE-41F5-8A66-5C2CE5E05231}.Release|Any CPU.ActiveCfg = Release|Any CPU
		{15096A03-82EE-41F5-8A66-5C2CE5E05231}.Release|Any CPU.Build.0 = Release|Any CPU
		{E0209B26-00DF-4595-B1E9-F5442DBA0EA3}.Debug|Any CPU.ActiveCfg = Debug|Any CPU
		{E0209B26-00DF-4595-B1E9-F5442DBA0EA3}.Debug|Any CPU.Build.0 = Debug|Any CPU
		{E0209B26-00DF-4595-B1E9-F5442DBA0EA3}.Release|Any CPU.ActiveCfg = Release|Any CPU
		{E0209B26-00DF-4595-B1E9-F5442DBA0EA3}.Release|Any CPU.Build.0 = Release|Any CPU
		{E490DE32-CBC5-4F85-AD80-28393924BCBC}.Debug|Any CPU.ActiveCfg = Debug|Any CPU
		{E490DE32-CBC5-4F85-AD80-28393924BCBC}.Debug|Any CPU.Build.0 = Debug|Any CPU
		{E490DE32-CBC5-4F85-AD80-28393924BCBC}.Release|Any CPU.ActiveCfg = Release|Any CPU
		{E490DE32-CBC5-4F85-AD80-28393924BCBC}.Release|Any CPU.Build.0 = Release|Any CPU
		{5041C60A-BF91-4E1F-A970-9828D926D886}.Debug|Any CPU.ActiveCfg = Debug|Any CPU
		{5041C60A-BF91-4E1F-A970-9828D926D886}.Debug|Any CPU.Build.0 = Debug|Any CPU
		{5041C60A-BF91-4E1F-A970-9828D926D886}.Release|Any CPU.ActiveCfg = Release|Any CPU
		{5041C60A-BF91-4E1F-A970-9828D926D886}.Release|Any CPU.Build.0 = Release|Any CPU
		{8250F940-CE71-4975-AB99-665A8E2536EC}.Debug|Any CPU.ActiveCfg = Debug|Any CPU
		{8250F940-CE71-4975-AB99-665A8E2536EC}.Debug|Any CPU.Build.0 = Debug|Any CPU
		{8250F940-CE71-4975-AB99-665A8E2536EC}.Release|Any CPU.ActiveCfg = Release|Any CPU
		{8250F940-CE71-4975-AB99-665A8E2536EC}.Release|Any CPU.Build.0 = Release|Any CPU
		{A30A32E6-2955-4421-AAFD-EAAD6915D6CB}.Debug|Any CPU.ActiveCfg = Debug|Any CPU
		{A30A32E6-2955-4421-AAFD-EAAD6915D6CB}.Debug|Any CPU.Build.0 = Debug|Any CPU
		{A30A32E6-2955-4421-AAFD-EAAD6915D6CB}.Release|Any CPU.ActiveCfg = Release|Any CPU
		{A30A32E6-2955-4421-AAFD-EAAD6915D6CB}.Release|Any CPU.Build.0 = Release|Any CPU
		{8D5F8C32-119A-4620-BE1C-E4043B794707}.Debug|Any CPU.ActiveCfg = Debug|Any CPU
		{8D5F8C32-119A-4620-BE1C-E4043B794707}.Debug|Any CPU.Build.0 = Debug|Any CPU
		{8D5F8C32-119A-4620-BE1C-E4043B794707}.Release|Any CPU.ActiveCfg = Release|Any CPU
		{8D5F8C32-119A-4620-BE1C-E4043B794707}.Release|Any CPU.Build.0 = Release|Any CPU
		{9A8A2F64-2B73-4702-9FF3-28ED859BA306}.Debug|Any CPU.ActiveCfg = Debug|Any CPU
		{9A8A2F64-2B73-4702-9FF3-28ED859BA306}.Debug|Any CPU.Build.0 = Debug|Any CPU
		{9A8A2F64-2B73-4702-9FF3-28ED859BA306}.Release|Any CPU.ActiveCfg = Release|Any CPU
		{9A8A2F64-2B73-4702-9FF3-28ED859BA306}.Release|Any CPU.Build.0 = Release|Any CPU
		{9EBCE8F9-D220-4632-A7CA-D90020ED8537}.Debug|Any CPU.ActiveCfg = Debug|Any CPU
		{9EBCE8F9-D220-4632-A7CA-D90020ED8537}.Debug|Any CPU.Build.0 = Debug|Any CPU
		{9EBCE8F9-D220-4632-A7CA-D90020ED8537}.Release|Any CPU.ActiveCfg = Release|Any CPU
		{9EBCE8F9-D220-4632-A7CA-D90020ED8537}.Release|Any CPU.Build.0 = Release|Any CPU
	EndGlobalSection
EndGlobal
