
Microsoft Visual Studio Solution File, Format Version 12.00
# Visual Studio Version 17
VisualStudioVersion = 17.0.31903.59
MinimumVisualStudioVersion = 10.0.40219.1
Project("{2150E333-8FDC-42A3-9474-1A3956D46DE8}") = "Bootstrapper", "Bootstrapper", "{12E5602B-643B-4555-9062-B4BE94B36D77}"
EndProject
Project("{2150E333-8FDC-42A3-9474-1A3956D46DE8}") = "src", "src", "{5DAEF2FA-8E48-4886-8953-9275684DCA64}"
EndProject
Project("{FAE04EC0-301F-11D3-BF4B-00C04F79EFBC}") = "Hyre.Bootstrapper", "src\Bootstrapper\Hyre.Bootstrapper\Hyre.Bootstrapper.csproj", "{15096A03-82EE-41F5-8A66-5C2CE5E05231}"
EndProject
Project("{2150E333-8FDC-42A3-9474-1A3956D46DE8}") = "Modules", "Modules", "{8B80B1F0-E969-4D05-8369-2CA4D2F469FF}"
EndProject
Project("{2150E333-8FDC-42A3-9474-1A3956D46DE8}") = "Shared", "Shared", "{AD2B0628-AC62-4425-8224-11DEA55E10B0}"
EndProject
Project("{FAE04EC0-301F-11D3-BF4B-00C04F79EFBC}") = "Hyre.Shared.Abstractions", "src\Shared\Hyre.Shared.Abstractions\Hyre.Shared.Abstractions.csproj", "{E0209B26-00DF-4595-B1E9-F5442DBA0EA3}"
EndProject
Project("{FAE04EC0-301F-11D3-BF4B-00C04F79EFBC}") = "Hyre.Shared.Infrastructure", "src\Shared\Hyre.Shared.Infrastructure\Hyre.Shared.Infrastructure.csproj", "{E490DE32-CBC5-4F85-AD80-28393924BCBC}"
EndProject
Project("{2150E333-8FDC-42A3-9474-1A3956D46DE8}") = "Jobs", "Jobs", "{EE1490D2-3747-4749-84AD-92935D103705}"
EndProject
Project("{FAE04EC0-301F-11D3-BF4B-00C04F79EFBC}") = "Hyre.Modules.Jobs.Core", "src\Modules\Jobs\Hyre.Modules.Jobs.Core\Hyre.Modules.Jobs.Core.csproj", "{5041C60A-BF91-4E1F-A970-9828D926D886}"
EndProject
Project("{FAE04EC0-301F-11D3-BF4B-00C04F79EFBC}") = "Hyre.Modules.Jobs.Infrastructure", "src\Modules\Jobs\Hyre.Modules.Jobs.Infrastructure\Hyre.Modules.Jobs.Infrastructure.csproj", "{8250F940-CE71-4975-AB99-665A8E2536EC}"
EndProject
Project("{FAE04EC0-301F-11D3-BF4B-00C04F79EFBC}") = "Hyre.Modules.Jobs.Application", "src\Modules\Jobs\Hyre.Modules.Jobs.Application\Hyre.Modules.Jobs.Application.csproj", "{A30A32E6-2955-4421-AAFD-EAAD6915D6CB}"
EndProject
Project("{FAE04EC0-301F-11D3-BF4B-00C04F79EFBC}") = "Hyre.Modules.Jobs.API", "src\Modules\Jobs\Hyre.Modules.Jobs.API\Hyre.Modules.Jobs.API.csproj", "{8D5F8C32-119A-4620-BE1C-E4043B794707}"
EndProject
Project("{2150E333-8FDC-42A3-9474-1A3956D46DE8}") = "src", "src", "{66A49CD5-BC57-48BC-9A39-8C06130B448A}"
EndProject
Project("{2150E333-8FDC-42A3-9474-1A3956D46DE8}") = "test", "test", "{777897E4-C0C6-43A5-A684-DAA1B143074C}"
EndProject
Project("{FAE04EC0-301F-11D3-BF4B-00C04F79EFBC}") = "Hyre.Modules.Jobs.Tests.Unit", "test\Modules\Jobs\Hyre.Modules.Jobs.Tests.Unit\Hyre.Modules.Jobs.Tests.Unit.csproj", "{9A8A2F64-2B73-4702-9FF3-28ED859BA306}"
EndProject
Project("{FAE04EC0-301F-11D3-BF4B-00C04F79EFBC}") = "Hyre.Modules.Jobs.Tests.Integration", "test\Modules\Jobs\Hyre.Modules.Jobs.Tests.Integration\Hyre.Modules.Jobs.Tests.Integration.csproj", "{9EBCE8F9-D220-4632-A7CA-D90020ED8537}"
EndProject
Project("{2150E333-8FDC-42A3-9474-1A3956D46DE8}") = "src", "src", "{983DD6D4-0146-4C22-A1F5-442553C283BD}"
EndProject
Project("{2150E333-8FDC-42A3-9474-1A3956D46DE8}") = "test", "test", "{D3294315-3F21-4788-B54B-B4137720BA42}"
EndProject
Project("{FAE04EC0-301F-11D3-BF4B-00C04F79EFBC}") = "Hyre.Shared.Abstractions.Tests.Unit", "test\Shared\Hyre.Shared.Abstractions.Tests.Unit\Hyre.Shared.Abstractions.Tests.Unit.csproj", "{1B93890A-A02D-45A4-9D5E-E45696185508}"
EndProject
Project("{2150E333-8FDC-42A3-9474-1A3956D46DE8}") = "Notifications", "Notifications", "{1BE29DE8-3657-40F6-8E92-FFB1ECD00AC1}"
EndProject
Project("{2150E333-8FDC-42A3-9474-1A3956D46DE8}") = "src", "src", "{B4BFA1E4-2276-4015-BFD1-12F8D6B37D3A}"
EndProject
Project("{2150E333-8FDC-42A3-9474-1A3956D46DE8}") = "test", "test", "{3FBD98F8-0737-4AEB-8C8D-8F3DD344E7E7}"
EndProject
Project("{FAE04EC0-301F-11D3-BF4B-00C04F79EFBC}") = "Hyre.Modules.Notifications.Infrastructure", "src\Modules\Notifications\Hyre.Modules.Notifications.Infrastructure\Hyre.Modules.Notifications.Infrastructure.csproj", "{FFADEC5A-0F34-4875-A214-9220CD52C3E0}"
EndProject
Project("{FAE04EC0-301F-11D3-BF4B-00C04F79EFBC}") = "Hyre.Modules.Notifications.Core", "src\Modules\Notifications\Hyre.Modules.Notifications.Core\Hyre.Modules.Notifications.Core.csproj", "{F72A7F15-631A-4E54-A7D7-30A3004CB8BD}"
EndProject
Project("{FAE04EC0-301F-11D3-BF4B-00C04F79EFBC}") = "Hyre.Modules.Notifications.Application", "src\Modules\Notifications\Hyre.Modules.Notifications.Application\Hyre.Modules.Notifications.Application.csproj", "{CE9C43C0-2F35-437B-A4DE-CEBC8EFADDA9}"
EndProject
Project("{FAE04EC0-301F-11D3-BF4B-00C04F79EFBC}") = "Hyre.Modules.Notifications.API", "src\Modules\Notifications\Hyre.Modules.Notifications.API\Hyre.Modules.Notifications.API.csproj", "{33E860B7-F4A9-4055-BB3C-14A43F275F60}"
EndProject
Project("{FAE04EC0-301F-11D3-BF4B-00C04F79EFBC}") = "Hyre.Modules.Notifications.Tests.Unit", "test\Modules\Notifications\Hyre.Modules.Notifications.Tests.Unit\Hyre.Modules.Notifications.Tests.Unit.csproj", "{4B1C018D-CD1C-438E-BC20-90866084C0BD}"
EndProject
Project("{FAE04EC0-301F-11D3-BF4B-00C04F79EFBC}") = "Hyre.Modules.Notifications.Tests.Integration", "test\Modules\Notifications\Hyre.Modules.Notifications.Tests.Integration\Hyre.Modules.Notifications.Tests.Integration.csproj", "{3A63FB98-5101-4995-90E1-AD76CCAD09F6}"
EndProject
Project("{FAE04EC0-301F-11D3-BF4B-00C04F79EFBC}") = "Hyre.Modules.Jobs.Core.Events", "src\Modules\Jobs\Hyre.Modules.Jobs.Core.Events\Hyre.Modules.Jobs.Core.Events.csproj", "{D61D6437-E715-4B7B-8A2B-342224237D49}"
EndProject
Project("{2150E333-8FDC-42A3-9474-1A3956D46DE8}") = "Identity", "Identity", "{CDDE18F3-5EFF-4E35-8A55-AAADCF9126C2}"
EndProject
Project("{FAE04EC0-301F-11D3-BF4B-00C04F79EFBC}") = "Hyre.Modules.Identity.Core", "src\Modules\Identity\Hyre.Modules.Identity.Core\Hyre.Modules.Identity.Core.csproj", "{E989B628-4D7A-49D9-A234-599D82979D88}"
EndProject
Project("{FAE04EC0-301F-11D3-BF4B-00C04F79EFBC}") = "Hyre.Modules.Identity.Infrastructure", "src\Modules\Identity\Hyre.Modules.Identity.Infrastructure\Hyre.Modules.Identity.Infrastructure.csproj", "{5004D65A-DA8A-4A86-A236-0A11CFA67091}"
EndProject
Project("{FAE04EC0-301F-11D3-BF4B-00C04F79EFBC}") = "Hyre.Modules.Identity.Application", "src\Modules\Identity\Hyre.Modules.Identity.Application\Hyre.Modules.Identity.Application.csproj", "{188FCAB4-0BD3-4D0C-BC8B-B22336259986}"
EndProject
Project("{FAE04EC0-301F-11D3-BF4B-00C04F79EFBC}") = "Hyre.Modules.Identity.API", "src\Modules\Identity\Hyre.Modules.Identity.API\Hyre.Modules.Identity.API.csproj", "{F3B292C6-12B5-4402-9A88-869BAA9D8645}"
EndProject
Project("{2150E333-8FDC-42A3-9474-1A3956D46DE8}") = "src", "src", "{E3B1D207-76CF-46CF-B922-25676418846A}"
EndProject
Project("{2150E333-8FDC-42A3-9474-1A3956D46DE8}") = "test", "test", "{2F1B6F20-290C-45BC-A961-55AA05A07691}"
EndProject
Project("{FAE04EC0-301F-11D3-BF4B-00C04F79EFBC}") = "Hyre.Modules.Identity.Tests.Unit", "test\Modules\Identity\Hyre.Modules.Identity.Tests.Unit\Hyre.Modules.Identity.Tests.Unit.csproj", "{4CC3AE3C-0E5F-42B2-BC11-9192218D838B}"
EndProject
Project("{FAE04EC0-301F-11D3-BF4B-00C04F79EFBC}") = "Hyre.Modules.Identity.Tests.Integration", "test\Modules\Identity\Hyre.Modules.Identity.Tests.Integration\Hyre.Modules.Identity.Tests.Integration.csproj", "{3978E9BE-05AD-430B-AD90-89D1B190851A}"
EndProject
Global
	GlobalSection(SolutionConfigurationPlatforms) = preSolution
		Debug|Any CPU = Debug|Any CPU
		Release|Any CPU = Release|Any CPU
	EndGlobalSection
	GlobalSection(SolutionProperties) = preSolution
		HideSolutionNode = FALSE
	EndGlobalSection
	GlobalSection(NestedProjects) = preSolution
		{5DAEF2FA-8E48-4886-8953-9275684DCA64} = {12E5602B-643B-4555-9062-B4BE94B36D77}
		{15096A03-82EE-41F5-8A66-5C2CE5E05231} = {5DAEF2FA-8E48-4886-8953-9275684DCA64}
		{EE1490D2-3747-4749-84AD-92935D103705} = {8B80B1F0-E969-4D05-8369-2CA4D2F469FF}
		{66A49CD5-BC57-48BC-9A39-8C06130B448A} = {EE1490D2-3747-4749-84AD-92935D103705}
		{777897E4-C0C6-43A5-A684-DAA1B143074C} = {EE1490D2-3747-4749-84AD-92935D103705}
		{8D5F8C32-119A-4620-BE1C-E4043B794707} = {66A49CD5-BC57-48BC-9A39-8C06130B448A}
		{A30A32E6-2955-4421-AAFD-EAAD6915D6CB} = {66A49CD5-BC57-48BC-9A39-8C06130B448A}
		{5041C60A-BF91-4E1F-A970-9828D926D886} = {66A49CD5-BC57-48BC-9A39-8C06130B448A}
		{8250F940-CE71-4975-AB99-665A8E2536EC} = {66A49CD5-BC57-48BC-9A39-8C06130B448A}
		{9A8A2F64-2B73-4702-9FF3-28ED859BA306} = {777897E4-C0C6-43A5-A684-DAA1B143074C}
		{9EBCE8F9-D220-4632-A7CA-D90020ED8537} = {777897E4-C0C6-43A5-A684-DAA1B143074C}
		{983DD6D4-0146-4C22-A1F5-442553C283BD} = {AD2B0628-AC62-4425-8224-11DEA55E10B0}
		{E0209B26-00DF-4595-B1E9-F5442DBA0EA3} = {983DD6D4-0146-4C22-A1F5-442553C283BD}
		{E490DE32-CBC5-4F85-AD80-28393924BCBC} = {983DD6D4-0146-4C22-A1F5-442553C283BD}
		{D3294315-3F21-4788-B54B-B4137720BA42} = {AD2B0628-AC62-4425-8224-11DEA55E10B0}
		{1B93890A-A02D-45A4-9D5E-E45696185508} = {D3294315-3F21-4788-B54B-B4137720BA42}
		{1BE29DE8-3657-40F6-8E92-FFB1ECD00AC1} = {8B80B1F0-E969-4D05-8369-2CA4D2F469FF}
		{B4BFA1E4-2276-4015-BFD1-12F8D6B37D3A} = {1BE29DE8-3657-40F6-8E92-FFB1ECD00AC1}
		{3FBD98F8-0737-4AEB-8C8D-8F3DD344E7E7} = {1BE29DE8-3657-40F6-8E92-FFB1ECD00AC1}
		{FFADEC5A-0F34-4875-A214-9220CD52C3E0} = {B4BFA1E4-2276-4015-BFD1-12F8D6B37D3A}
		{F72A7F15-631A-4E54-A7D7-30A3004CB8BD} = {B4BFA1E4-2276-4015-BFD1-12F8D6B37D3A}
		{CE9C43C0-2F35-437B-A4DE-CEBC8EFADDA9} = {B4BFA1E4-2276-4015-BFD1-12F8D6B37D3A}
		{33E860B7-F4A9-4055-BB3C-14A43F275F60} = {B4BFA1E4-2276-4015-BFD1-12F8D6B37D3A}
		{4B1C018D-CD1C-438E-BC20-90866084C0BD} = {3FBD98F8-0737-4AEB-8C8D-8F3DD344E7E7}
		{3A63FB98-5101-4995-90E1-AD76CCAD09F6} = {3FBD98F8-0737-4AEB-8C8D-8F3DD344E7E7}
		{D61D6437-E715-4B7B-8A2B-342224237D49} = {66A49CD5-BC57-48BC-9A39-8C06130B448A}
		{CDDE18F3-5EFF-4E35-8A55-AAADCF9126C2} = {8B80B1F0-E969-4D05-8369-2CA4D2F469FF}
		{E3B1D207-76CF-46CF-B922-25676418846A} = {CDDE18F3-5EFF-4E35-8A55-AAADCF9126C2}
		{2F1B6F20-290C-45BC-A961-55AA05A07691} = {CDDE18F3-5EFF-4E35-8A55-AAADCF9126C2}
		{F3B292C6-12B5-4402-9A88-869BAA9D8645} = {E3B1D207-76CF-46CF-B922-25676418846A}
		{188FCAB4-0BD3-4D0C-BC8B-B22336259986} = {E3B1D207-76CF-46CF-B922-25676418846A}
		{E989B628-4D7A-49D9-A234-599D82979D88} = {E3B1D207-76CF-46CF-B922-25676418846A}
		{5004D65A-DA8A-4A86-A236-0A11CFA67091} = {E3B1D207-76CF-46CF-B922-25676418846A}
		{4CC3AE3C-0E5F-42B2-BC11-9192218D838B} = {2F1B6F20-290C-45BC-A961-55AA05A07691}
		{3978E9BE-05AD-430B-AD90-89D1B190851A} = {2F1B6F20-290C-45BC-A961-55AA05A07691}
	EndGlobalSection
	GlobalSection(ProjectConfigurationPlatforms) = postSolution
		{15096A03-82EE-41F5-8A66-5C2CE5E05231}.Debug|Any CPU.ActiveCfg = Debug|Any CPU
		{15096A03-82EE-41F5-8A66-5C2CE5E05231}.Debug|Any CPU.Build.0 = Debug|Any CPU
		{15096A03-82EE-41F5-8A66-5C2CE5E05231}.Release|Any CPU.ActiveCfg = Release|Any CPU
		{15096A03-82EE-41F5-8A66-5C2CE5E05231}.Release|Any CPU.Build.0 = Release|Any CPU
		{E0209B26-00DF-4595-B1E9-F5442DBA0EA3}.Debug|Any CPU.ActiveCfg = Debug|Any CPU
		{E0209B26-00DF-4595-B1E9-F5442DBA0EA3}.Debug|Any CPU.Build.0 = Debug|Any CPU
		{E0209B26-00DF-4595-B1E9-F5442DBA0EA3}.Release|Any CPU.ActiveCfg = Release|Any CPU
		{E0209B26-00DF-4595-B1E9-F5442DBA0EA3}.Release|Any CPU.Build.0 = Release|Any CPU
		{E490DE32-CBC5-4F85-AD80-28393924BCBC}.Debug|Any CPU.ActiveCfg = Debug|Any CPU
		{E490DE32-CBC5-4F85-AD80-28393924BCBC}.Debug|Any CPU.Build.0 = Debug|Any CPU
		{E490DE32-CBC5-4F85-AD80-28393924BCBC}.Release|Any CPU.ActiveCfg = Release|Any CPU
		{E490DE32-CBC5-4F85-AD80-28393924BCBC}.Release|Any CPU.Build.0 = Release|Any CPU
		{5041C60A-BF91-4E1F-A970-9828D926D886}.Debug|Any CPU.ActiveCfg = Debug|Any CPU
		{5041C60A-BF91-4E1F-A970-9828D926D886}.Debug|Any CPU.Build.0 = Debug|Any CPU
		{5041C60A-BF91-4E1F-A970-9828D926D886}.Release|Any CPU.ActiveCfg = Release|Any CPU
		{5041C60A-BF91-4E1F-A970-9828D926D886}.Release|Any CPU.Build.0 = Release|Any CPU
		{8250F940-CE71-4975-AB99-665A8E2536EC}.Debug|Any CPU.ActiveCfg = Debug|Any CPU
		{8250F940-CE71-4975-AB99-665A8E2536EC}.Debug|Any CPU.Build.0 = Debug|Any CPU
		{8250F940-CE71-4975-AB99-665A8E2536EC}.Release|Any CPU.ActiveCfg = Release|Any CPU
		{8250F940-CE71-4975-AB99-665A8E2536EC}.Release|Any CPU.Build.0 = Release|Any CPU
		{A30A32E6-2955-4421-AAFD-EAAD6915D6CB}.Debug|Any CPU.ActiveCfg = Debug|Any CPU
		{A30A32E6-2955-4421-AAFD-EAAD6915D6CB}.Debug|Any CPU.Build.0 = Debug|Any CPU
		{A30A32E6-2955-4421-AAFD-EAAD6915D6CB}.Release|Any CPU.ActiveCfg = Release|Any CPU
		{A30A32E6-2955-4421-AAFD-EAAD6915D6CB}.Release|Any CPU.Build.0 = Release|Any CPU
		{8D5F8C32-119A-4620-BE1C-E4043B794707}.Debug|Any CPU.ActiveCfg = Debug|Any CPU
		{8D5F8C32-119A-4620-BE1C-E4043B794707}.Debug|Any CPU.Build.0 = Debug|Any CPU
		{8D5F8C32-119A-4620-BE1C-E4043B794707}.Release|Any CPU.ActiveCfg = Release|Any CPU
		{8D5F8C32-119A-4620-BE1C-E4043B794707}.Release|Any CPU.Build.0 = Release|Any CPU
		{9A8A2F64-2B73-4702-9FF3-28ED859BA306}.Debug|Any CPU.ActiveCfg = Debug|Any CPU
		{9A8A2F64-2B73-4702-9FF3-28ED859BA306}.Debug|Any CPU.Build.0 = Debug|Any CPU
		{9A8A2F64-2B73-4702-9FF3-28ED859BA306}.Release|Any CPU.ActiveCfg = Release|Any CPU
		{9A8A2F64-2B73-4702-9FF3-28ED859BA306}.Release|Any CPU.Build.0 = Release|Any CPU
		{9EBCE8F9-D220-4632-A7CA-D90020ED8537}.Debug|Any CPU.ActiveCfg = Debug|Any CPU
		{9EBCE8F9-D220-4632-A7CA-D90020ED8537}.Debug|Any CPU.Build.0 = Debug|Any CPU
		{9EBCE8F9-D220-4632-A7CA-D90020ED8537}.Release|Any CPU.ActiveCfg = Release|Any CPU
		{9EBCE8F9-D220-4632-A7CA-D90020ED8537}.Release|Any CPU.Build.0 = Release|Any CPU
		{1B93890A-A02D-45A4-9D5E-E45696185508}.Debug|Any CPU.ActiveCfg = Debug|Any CPU
		{1B93890A-A02D-45A4-9D5E-E45696185508}.Debug|Any CPU.Build.0 = Debug|Any CPU
		{1B93890A-A02D-45A4-9D5E-E45696185508}.Release|Any CPU.ActiveCfg = Release|Any CPU
		{1B93890A-A02D-45A4-9D5E-E45696185508}.Release|Any CPU.Build.0 = Release|Any CPU
		{FFADEC5A-0F34-4875-A214-9220CD52C3E0}.Debug|Any CPU.ActiveCfg = Debug|Any CPU
		{FFADEC5A-0F34-4875-A214-9220CD52C3E0}.Debug|Any CPU.Build.0 = Debug|Any CPU
		{FFADEC5A-0F34-4875-A214-9220CD52C3E0}.Release|Any CPU.ActiveCfg = Release|Any CPU
		{FFADEC5A-0F34-4875-A214-9220CD52C3E0}.Release|Any CPU.Build.0 = Release|Any CPU
		{F72A7F15-631A-4E54-A7D7-30A3004CB8BD}.Debug|Any CPU.ActiveCfg = Debug|Any CPU
		{F72A7F15-631A-4E54-A7D7-30A3004CB8BD}.Debug|Any CPU.Build.0 = Debug|Any CPU
		{F72A7F15-631A-4E54-A7D7-30A3004CB8BD}.Release|Any CPU.ActiveCfg = Release|Any CPU
		{F72A7F15-631A-4E54-A7D7-30A3004CB8BD}.Release|Any CPU.Build.0 = Release|Any CPU
		{CE9C43C0-2F35-437B-A4DE-CEBC8EFADDA9}.Debug|Any CPU.ActiveCfg = Debug|Any CPU
		{CE9C43C0-2F35-437B-A4DE-CEBC8EFADDA9}.Debug|Any CPU.Build.0 = Debug|Any CPU
		{CE9C43C0-2F35-437B-A4DE-CEBC8EFADDA9}.Release|Any CPU.ActiveCfg = Release|Any CPU
		{CE9C43C0-2F35-437B-A4DE-CEBC8EFADDA9}.Release|Any CPU.Build.0 = Release|Any CPU
		{33E860B7-F4A9-4055-BB3C-14A43F275F60}.Debug|Any CPU.ActiveCfg = Debug|Any CPU
		{33E860B7-F4A9-4055-BB3C-14A43F275F60}.Debug|Any CPU.Build.0 = Debug|Any CPU
		{33E860B7-F4A9-4055-BB3C-14A43F275F60}.Release|Any CPU.ActiveCfg = Release|Any CPU
		{33E860B7-F4A9-4055-BB3C-14A43F275F60}.Release|Any CPU.Build.0 = Release|Any CPU
		{4B1C018D-CD1C-438E-BC20-90866084C0BD}.Debug|Any CPU.ActiveCfg = Debug|Any CPU
		{4B1C018D-CD1C-438E-BC20-90866084C0BD}.Debug|Any CPU.Build.0 = Debug|Any CPU
		{4B1C018D-CD1C-438E-BC20-90866084C0BD}.Release|Any CPU.ActiveCfg = Release|Any CPU
		{4B1C018D-CD1C-438E-BC20-90866084C0BD}.Release|Any CPU.Build.0 = Release|Any CPU
		{3A63FB98-5101-4995-90E1-AD76CCAD09F6}.Debug|Any CPU.ActiveCfg = Debug|Any CPU
		{3A63FB98-5101-4995-90E1-AD76CCAD09F6}.Debug|Any CPU.Build.0 = Debug|Any CPU
		{3A63FB98-5101-4995-90E1-AD76CCAD09F6}.Release|Any CPU.ActiveCfg = Release|Any CPU
		{3A63FB98-5101-4995-90E1-AD76CCAD09F6}.Release|Any CPU.Build.0 = Release|Any CPU
		{D61D6437-E715-4B7B-8A2B-342224237D49}.Debug|Any CPU.ActiveCfg = Debug|Any CPU
		{D61D6437-E715-4B7B-8A2B-342224237D49}.Debug|Any CPU.Build.0 = Debug|Any CPU
		{D61D6437-E715-4B7B-8A2B-342224237D49}.Release|Any CPU.ActiveCfg = Release|Any CPU
		{D61D6437-E715-4B7B-8A2B-342224237D49}.Release|Any CPU.Build.0 = Release|Any CPU
		{E989B628-4D7A-49D9-A234-599D82979D88}.Debug|Any CPU.ActiveCfg = Debug|Any CPU
		{E989B628-4D7A-49D9-A234-599D82979D88}.Debug|Any CPU.Build.0 = Debug|Any CPU
		{E989B628-4D7A-49D9-A234-599D82979D88}.Release|Any CPU.ActiveCfg = Release|Any CPU
		{E989B628-4D7A-49D9-A234-599D82979D88}.Release|Any CPU.Build.0 = Release|Any CPU
		{5004D65A-DA8A-4A86-A236-0A11CFA67091}.Debug|Any CPU.ActiveCfg = Debug|Any CPU
		{5004D65A-DA8A-4A86-A236-0A11CFA67091}.Debug|Any CPU.Build.0 = Debug|Any CPU
		{5004D65A-DA8A-4A86-A236-0A11CFA67091}.Release|Any CPU.ActiveCfg = Release|Any CPU
		{5004D65A-DA8A-4A86-A236-0A11CFA67091}.Release|Any CPU.Build.0 = Release|Any CPU
		{188FCAB4-0BD3-4D0C-BC8B-B22336259986}.Debug|Any CPU.ActiveCfg = Debug|Any CPU
		{188FCAB4-0BD3-4D0C-BC8B-B22336259986}.Debug|Any CPU.Build.0 = Debug|Any CPU
		{188FCAB4-0BD3-4D0C-BC8B-B22336259986}.Release|Any CPU.ActiveCfg = Release|Any CPU
		{188FCAB4-0BD3-4D0C-BC8B-B22336259986}.Release|Any CPU.Build.0 = Release|Any CPU
		{F3B292C6-12B5-4402-9A88-869BAA9D8645}.Debug|Any CPU.ActiveCfg = Debug|Any CPU
		{F3B292C6-12B5-4402-9A88-869BAA9D8645}.Debug|Any CPU.Build.0 = Debug|Any CPU
		{F3B292C6-12B5-4402-9A88-869BAA9D8645}.Release|Any CPU.ActiveCfg = Release|Any CPU
		{F3B292C6-12B5-4402-9A88-869BAA9D8645}.Release|Any CPU.Build.0 = Release|Any CPU
		{4CC3AE3C-0E5F-42B2-BC11-9192218D838B}.Debug|Any CPU.ActiveCfg = Debug|Any CPU
		{4CC3AE3C-0E5F-42B2-BC11-9192218D838B}.Debug|Any CPU.Build.0 = Debug|Any CPU
		{4CC3AE3C-0E5F-42B2-BC11-9192218D838B}.Release|Any CPU.ActiveCfg = Release|Any CPU
		{4CC3AE3C-0E5F-42B2-BC11-9192218D838B}.Release|Any CPU.Build.0 = Release|Any CPU
		{3978E9BE-05AD-430B-AD90-89D1B190851A}.Debug|Any CPU.ActiveCfg = Debug|Any CPU
		{3978E9BE-05AD-430B-AD90-89D1B190851A}.Debug|Any CPU.Build.0 = Debug|Any CPU
		{3978E9BE-05AD-430B-AD90-89D1B190851A}.Release|Any CPU.ActiveCfg = Release|Any CPU
		{3978E9BE-05AD-430B-AD90-89D1B190851A}.Release|Any CPU.Build.0 = Release|Any CPU
	EndGlobalSection
EndGlobal
