
Microsoft Visual Studio Solution File, Format Version 12.00
# Visual Studio Version 17
VisualStudioVersion = 17.0.31903.59
MinimumVisualStudioVersion = 10.0.40219.1
Project("{2150E333-8FDC-42A3-9474-1A3956D46DE8}") = "Bootstrapper", "Bootstrapper", "{12E5602B-643B-4555-9062-B4BE94B36D77}"
EndProject
Project("{2150E333-8FDC-42A3-9474-1A3956D46DE8}") = "src", "src", "{5DAEF2FA-8E48-4886-8953-9275684DCA64}"
EndProject
Project("{FAE04EC0-301F-11D3-BF4B-00C04F79EFBC}") = "Hyre.Bootstrapper", "src\Bootstrapper\Hyre.Bootstrapper\Hyre.Bootstrapper.csproj", "{15096A03-82EE-41F5-8A66-5C2CE5E05231}"
EndProject
Global
	GlobalSection(SolutionConfigurationPlatforms) = preSolution
		Debug|Any CPU = Debug|Any CPU
		Release|Any CPU = Release|Any CPU
	EndGlobalSection
	GlobalSection(SolutionProperties) = preSolution
		HideSolutionNode = FALSE
	EndGlobalSection
	GlobalSection(NestedProjects) = preSolution
		{5DAEF2FA-8E48-4886-8953-9275684DCA64} = {12E5602B-643B-4555-9062-B4BE94B36D77}
		{15096A03-82EE-41F5-8A66-5C2CE5E05231} = {5DAEF2FA-8E48-4886-8953-9275684DCA64}
	EndGlobalSection
	GlobalSection(ProjectConfigurationPlatforms) = postSolution
		{15096A03-82EE-41F5-8A66-5C2CE5E05231}.Debug|Any CPU.ActiveCfg = Debug|Any CPU
		{15096A03-82EE-41F5-8A66-5C2CE5E05231}.Debug|Any CPU.Build.0 = Debug|Any CPU
		{15096A03-82EE-41F5-8A66-5C2CE5E05231}.Release|Any CPU.ActiveCfg = Release|Any CPU
		{15096A03-82EE-41F5-8A66-5C2CE5E05231}.Release|Any CPU.Build.0 = Release|Any CPU
	EndGlobalSection
EndGlobal
